{
    "version": 3,
    "terraform_version": "0.11.3",
    "serial": 32,
    "lineage": "a980cbdc-884e-4fd7-87e1-6e5e121e04ad",
    "modules": [
        {
            "path": [
                "root"
            ],
            "outputs": {},
            "resources": {
                "aws_autoscaling_group.dragos_autoscaling_grp": {
                    "type": "aws_autoscaling_group",
                    "depends_on": [
                        "aws_elb.dragos_elb",
                        "aws_launch_configuration.dragos_launch_config",
                        "module.app-tier"
                    ],
                    "primary": {
                        "id": "dragos_autoscaling_grp",
                        "attributes": {
                            "arn": "arn:aws:autoscaling:eu-west-1:135928476890:autoScalingGroup:5cff4287-f8cd-4f1b-8b67-2f74acf5656d:autoScalingGroupName/dragos_autoscaling_grp",
                            "availability_zones.#": "1",
                            "availability_zones.3953592328": "eu-west-1a",
                            "default_cooldown": "300",
                            "desired_capacity": "2",
                            "force_delete": "true",
                            "health_check_grace_period": "200",
                            "health_check_type": "ELB",
                            "id": "dragos_autoscaling_grp",
                            "launch_configuration": "dragos-launch-config20180302113602640400000001",
                            "load_balancers.#": "1",
                            "load_balancers.208197274": "dragos-terraform-elb",
                            "max_size": "3",
                            "metrics_granularity": "1Minute",
                            "min_size": "2",
                            "name": "dragos_autoscaling_grp",
                            "placement_group": "",
                            "protect_from_scale_in": "false",
                            "suspended_processes.#": "0",
                            "tag.#": "0",
                            "target_group_arns.#": "0",
                            "termination_policies.#": "0",
                            "vpc_zone_identifier.#": "1",
                            "vpc_zone_identifier.3985248293": "subnet-4b616210",
                            "wait_for_capacity_timeout": "5m"
                        },
                        "meta": {
                            "e2bfb730-ecaa-11e6-8f88-34363bc7c4c0": {
                                "delete": 600000000000
                            }
                        },
                        "tainted": false
                    },
                    "deposed": [],
                    "provider": "provider.aws"
                },
                "aws_elb.dragos_elb": {
                    "type": "aws_elb",
                    "depends_on": [
                        "module.app-tier"
                    ],
                    "primary": {
                        "id": "dragos-terraform-elb",
                        "attributes": {
                            "access_logs.#": "0",
                            "arn": "arn:aws:elasticloadbalancing:eu-west-1:135928476890:loadbalancer/dragos-terraform-elb",
                            "availability_zones.#": "1",
                            "availability_zones.3953592328": "eu-west-1a",
                            "connection_draining": "true",
                            "connection_draining_timeout": "400",
                            "cross_zone_load_balancing": "true",
                            "dns_name": "dragos-terraform-elb-497718841.eu-west-1.elb.amazonaws.com",
                            "health_check.#": "1",
                            "health_check.0.healthy_threshold": "5",
                            "health_check.0.interval": "10",
                            "health_check.0.target": "HTTP:3000/",
                            "health_check.0.timeout": "5",
                            "health_check.0.unhealthy_threshold": "2",
                            "id": "dragos-terraform-elb",
                            "idle_timeout": "400",
                            "instances.#": "2",
                            "instances.1977585986": "i-015c4206d559505b5",
                            "instances.4149654377": "i-014739bd428346784",
                            "internal": "false",
                            "listener.#": "1",
                            "listener.2797230273.instance_port": "3000",
                            "listener.2797230273.instance_protocol": "http",
                            "listener.2797230273.lb_port": "80",
                            "listener.2797230273.lb_protocol": "http",
                            "listener.2797230273.ssl_certificate_id": "",
                            "name": "dragos-terraform-elb",
                            "security_groups.#": "1",
                            "security_groups.3052329331": "sg-6a7d1c10",
                            "source_security_group": "135928476890/app-dragos-tier",
                            "source_security_group_id": "sg-6a7d1c10",
                            "subnets.#": "1",
                            "subnets.3985248293": "subnet-4b616210",
                            "tags.%": "1",
                            "tags.Name": "dragos-terraform-elb",
                            "zone_id": "Z32O12XQLNTSW2"
                        },
                        "meta": {},
                        "tainted": false
                    },
                    "deposed": [],
                    "provider": "provider.aws"
                },
                "aws_internet_gateway.gw": {
                    "type": "aws_internet_gateway",
                    "depends_on": [
                        "aws_vpc.app_vpc1"
                    ],
                    "primary": {
                        "id": "igw-d22cb9b5",
                        "attributes": {
                            "id": "igw-d22cb9b5",
                            "tags.%": "1",
                            "tags.Name": "dragos-app-gateway",
                            "vpc_id": "vpc-10dc7676"
                        },
                        "meta": {},
                        "tainted": false
                    },
                    "deposed": [],
                    "provider": "provider.aws"
                },
                "aws_launch_configuration.dragos_launch_config": {
                    "type": "aws_launch_configuration",
                    "depends_on": [
                        "data.template_file.app_init",
                        "module.app-tier"
                    ],
                    "primary": {
                        "id": "dragos-launch-config20180302113602640400000001",
                        "attributes": {
                            "associate_public_ip_address": "false",
                            "ebs_block_device.#": "0",
                            "ebs_optimized": "false",
                            "enable_monitoring": "true",
                            "ephemeral_block_device.#": "0",
                            "iam_instance_profile": "",
                            "id": "dragos-launch-config20180302113602640400000001",
                            "image_id": "ami-432f693a",
                            "instance_type": "t2.micro",
                            "key_name": "",
                            "name": "dragos-launch-config20180302113602640400000001",
                            "name_prefix": "dragos-launch-config",
                            "root_block_device.#": "0",
                            "security_groups.#": "1",
                            "security_groups.3052329331": "sg-6a7d1c10",
                            "spot_price": "",
                            "user_data": "169cd550d263d5b32fd684dceaeede814294f91b",
                            "vpc_classic_link_id": "",
                            "vpc_classic_link_security_groups.#": "0"
                        },
                        "meta": {},
                        "tainted": false
                    },
                    "deposed": [],
                    "provider": "provider.aws"
                },
                "aws_route_table.r": {
                    "type": "aws_route_table",
                    "depends_on": [
                        "aws_internet_gateway.gw",
                        "aws_vpc.app_vpc1"
                    ],
                    "primary": {
                        "id": "rtb-8a14d1f3",
                        "attributes": {
                            "id": "rtb-8a14d1f3",
                            "propagating_vgws.#": "0",
                            "route.#": "1",
                            "route.1718922185.cidr_block": "0.0.0.0/0",
                            "route.1718922185.egress_only_gateway_id": "",
                            "route.1718922185.gateway_id": "igw-d22cb9b5",
                            "route.1718922185.instance_id": "",
                            "route.1718922185.ipv6_cidr_block": "",
                            "route.1718922185.nat_gateway_id": "",
                            "route.1718922185.network_interface_id": "",
                            "route.1718922185.vpc_peering_connection_id": "",
                            "tags.%": "1",
                            "tags.Name": "dragos-gateway-public",
                            "vpc_id": "vpc-10dc7676"
                        },
                        "meta": {},
                        "tainted": false
                    },
                    "deposed": [],
                    "provider": "provider.aws"
                },
                "aws_vpc.app_vpc1": {
                    "type": "aws_vpc",
                    "depends_on": [],
                    "primary": {
                        "id": "vpc-10dc7676",
                        "attributes": {
                            "assign_generated_ipv6_cidr_block": "false",
                            "cidr_block": "10.22.0.0/16",
                            "default_network_acl_id": "acl-73f7ac15",
                            "default_route_table_id": "rtb-4d0acf34",
                            "default_security_group_id": "sg-ff7b1a85",
                            "dhcp_options_id": "dopt-18d5d77d",
                            "enable_classiclink": "false",
                            "enable_classiclink_dns_support": "false",
                            "enable_dns_hostnames": "true",
                            "enable_dns_support": "true",
                            "id": "vpc-10dc7676",
                            "instance_tenancy": "default",
                            "main_route_table_id": "rtb-4d0acf34",
                            "tags.%": "1",
                            "tags.Name": "dragos-app-vpc"
                        },
                        "meta": {
                            "schema_version": "1"
                        },
                        "tainted": false
                    },
                    "deposed": [],
                    "provider": "provider.aws"
                },
                "data.template_file.app_init": {
                    "type": "template_file",
                    "depends_on": [
                        "module.db-tier"
                    ],
                    "primary": {
                        "id": "f5102d325094c489ff334e87188c364d15a0c97b8271827838d351f32d5a7add",
                        "attributes": {
                            "id": "f5102d325094c489ff334e87188c364d15a0c97b8271827838d351f32d5a7add",
                            "rendered": "#!/bin/bash\ncd /home/ubuntu/app\nexport DB_HOST=mongodb://10.22.2.72:27017\nnpm install\nnode app.js",
                            "template": "#!/bin/bash\ncd /home/ubuntu/app\nexport DB_HOST=mongodb://${mongodb_ip}:27017\nnpm install\nnode app.js",
                            "vars.%": "1",
                            "vars.mongodb_ip": "10.22.2.72"
                        },
                        "meta": {},
                        "tainted": false
                    },
                    "deposed": [],
                    "provider": "provider.template"
                }
            },
            "depends_on": []
        },
        {
            "path": [
                "root",
                "app-tier"
            ],
            "outputs": {
                "app_id": {
                    "sensitive": false,
                    "type": "list",
                    "value": [
                        "i-014739bd428346784",
                        "i-015c4206d559505b5"
                    ]
                },
                "app_subnet": {
                    "sensitive": false,
                    "type": "string",
                    "value": "subnet-4b616210"
                },
                "private_ip": {
                    "sensitive": false,
                    "type": "string",
                    "value": "10.22.1.217"
                },
                "sec_group": {
                    "sensitive": false,
                    "type": "string",
                    "value": "sg-6a7d1c10"
                },
                "subnet_cidr_block": {
                    "sensitive": false,
                    "type": "string",
                    "value": "10.22.1.0/24"
                }
            },
            "resources": {
                "aws_instance.app.0": {
                    "type": "aws_instance",
                    "depends_on": [
                        "aws_security_group.app_sg",
                        "aws_subnet.app_subnet"
                    ],
                    "primary": {
                        "id": "i-014739bd428346784",
                        "attributes": {
                            "ami": "ami-432f693a",
                            "associate_public_ip_address": "true",
                            "availability_zone": "eu-west-1a",
                            "disable_api_termination": "false",
                            "ebs_block_device.#": "0",
                            "ebs_optimized": "false",
                            "ephemeral_block_device.#": "0",
                            "iam_instance_profile": "",
                            "id": "i-014739bd428346784",
                            "instance_state": "running",
                            "instance_type": "t2.micro",
                            "ipv6_addresses.#": "0",
                            "key_name": "",
                            "monitoring": "false",
                            "network_interface.#": "0",
                            "network_interface_id": "eni-011bd304",
                            "placement_group": "",
                            "primary_network_interface_id": "eni-011bd304",
                            "private_dns": "ip-10-22-1-217.eu-west-1.compute.internal",
                            "private_ip": "10.22.1.217",
                            "public_dns": "ec2-34-251-106-32.eu-west-1.compute.amazonaws.com",
                            "public_ip": "34.251.106.32",
                            "root_block_device.#": "1",
                            "root_block_device.0.delete_on_termination": "true",
                            "root_block_device.0.iops": "100",
                            "root_block_device.0.volume_id": "vol-02039e3d9a23f24c9",
                            "root_block_device.0.volume_size": "8",
                            "root_block_device.0.volume_type": "gp2",
                            "security_groups.#": "0",
                            "source_dest_check": "true",
                            "subnet_id": "subnet-4b616210",
                            "tags.%": "1",
                            "tags.Name": "app-dragos-tier",
                            "tenancy": "default",
                            "user_data": "169cd550d263d5b32fd684dceaeede814294f91b",
                            "volume_tags.%": "0",
                            "vpc_security_group_ids.#": "1",
                            "vpc_security_group_ids.3052329331": "sg-6a7d1c10"
                        },
                        "meta": {
                            "e2bfb730-ecaa-11e6-8f88-34363bc7c4c0": {
                                "create": 600000000000,
                                "delete": 1200000000000,
                                "update": 600000000000
                            },
                            "schema_version": "1"
                        },
                        "tainted": false
                    },
                    "deposed": [],
                    "provider": "provider.aws"
                },
                "aws_instance.app.1": {
                    "type": "aws_instance",
                    "depends_on": [
                        "aws_security_group.app_sg",
                        "aws_subnet.app_subnet"
                    ],
                    "primary": {
                        "id": "i-015c4206d559505b5",
                        "attributes": {
                            "ami": "ami-432f693a",
                            "associate_public_ip_address": "true",
                            "availability_zone": "eu-west-1a",
                            "disable_api_termination": "false",
                            "ebs_block_device.#": "0",
                            "ebs_optimized": "false",
                            "ephemeral_block_device.#": "0",
                            "iam_instance_profile": "",
                            "id": "i-015c4206d559505b5",
                            "instance_state": "running",
                            "instance_type": "t2.micro",
                            "ipv6_addresses.#": "0",
                            "key_name": "",
                            "monitoring": "false",
                            "network_interface.#": "0",
                            "network_interface_id": "eni-dd1cd4d8",
                            "placement_group": "",
                            "primary_network_interface_id": "eni-dd1cd4d8",
                            "private_dns": "ip-10-22-1-35.eu-west-1.compute.internal",
                            "private_ip": "10.22.1.35",
                            "public_dns": "ec2-34-241-70-76.eu-west-1.compute.amazonaws.com",
                            "public_ip": "34.241.70.76",
                            "root_block_device.#": "1",
                            "root_block_device.0.delete_on_termination": "true",
                            "root_block_device.0.iops": "100",
                            "root_block_device.0.volume_id": "vol-08c124bd2c7e9ff9f",
                            "root_block_device.0.volume_size": "8",
                            "root_block_device.0.volume_type": "gp2",
                            "security_groups.#": "0",
                            "source_dest_check": "true",
                            "subnet_id": "subnet-4b616210",
                            "tags.%": "1",
                            "tags.Name": "app-dragos-tier",
                            "tenancy": "default",
                            "user_data": "169cd550d263d5b32fd684dceaeede814294f91b",
                            "volume_tags.%": "0",
                            "vpc_security_group_ids.#": "1",
                            "vpc_security_group_ids.3052329331": "sg-6a7d1c10"
                        },
                        "meta": {
                            "e2bfb730-ecaa-11e6-8f88-34363bc7c4c0": {
                                "create": 600000000000,
                                "delete": 1200000000000,
                                "update": 600000000000
                            },
                            "schema_version": "1"
                        },
                        "tainted": false
                    },
                    "deposed": [],
                    "provider": "provider.aws"
                },
                "aws_route_table_association.rt": {
                    "type": "aws_route_table_association",
                    "depends_on": [
                        "aws_subnet.app_subnet"
                    ],
                    "primary": {
                        "id": "rtbassoc-1d2fa665",
                        "attributes": {
                            "id": "rtbassoc-1d2fa665",
                            "route_table_id": "rtb-8a14d1f3",
                            "subnet_id": "subnet-4b616210"
                        },
                        "meta": {},
                        "tainted": false
                    },
                    "deposed": [],
                    "provider": "provider.aws"
                },
                "aws_security_group.app_sg": {
                    "type": "aws_security_group",
                    "depends_on": [],
                    "primary": {
                        "id": "sg-6a7d1c10",
                        "attributes": {
                            "description": "Allow all inbound traffic",
                            "egress.#": "1",
                            "egress.482069346.cidr_blocks.#": "1",
                            "egress.482069346.cidr_blocks.0": "0.0.0.0/0",
                            "egress.482069346.description": "",
                            "egress.482069346.from_port": "0",
                            "egress.482069346.ipv6_cidr_blocks.#": "0",
                            "egress.482069346.prefix_list_ids.#": "0",
                            "egress.482069346.protocol": "-1",
                            "egress.482069346.security_groups.#": "0",
                            "egress.482069346.self": "false",
                            "egress.482069346.to_port": "0",
                            "id": "sg-6a7d1c10",
                            "ingress.#": "0",
                            "name": "app-dragos-tier",
                            "owner_id": "135928476890",
                            "revoke_rules_on_delete": "false",
                            "tags.%": "1",
                            "tags.Name": "app-dragos-tier",
                            "vpc_id": "vpc-10dc7676"
                        },
                        "meta": {
                            "schema_version": "1"
                        },
                        "tainted": false
                    },
                    "deposed": [],
                    "provider": "provider.aws"
                },
                "aws_security_group_rule.app_sg_rule": {
                    "type": "aws_security_group_rule",
                    "depends_on": [
                        "aws_security_group.app_sg"
                    ],
                    "primary": {
                        "id": "sgrule-367927175",
                        "attributes": {
                            "cidr_blocks.#": "1",
                            "cidr_blocks.0": "0.0.0.0/0",
                            "from_port": "80",
                            "id": "sgrule-367927175",
                            "protocol": "tcp",
                            "security_group_id": "sg-6a7d1c10",
                            "self": "false",
                            "to_port": "80",
                            "type": "ingress"
                        },
                        "meta": {
                            "schema_version": "2"
                        },
                        "tainted": false
                    },
                    "deposed": [],
                    "provider": "provider.aws"
                },
                "aws_subnet.app_subnet": {
                    "type": "aws_subnet",
                    "depends_on": [],
                    "primary": {
                        "id": "subnet-4b616210",
                        "attributes": {
                            "assign_ipv6_address_on_creation": "false",
                            "availability_zone": "eu-west-1a",
                            "cidr_block": "10.22.1.0/24",
                            "id": "subnet-4b616210",
                            "map_public_ip_on_launch": "true",
                            "tags.%": "1",
                            "tags.Name": "app-dragos-tier",
                            "vpc_id": "vpc-10dc7676"
                        },
                        "meta": {
                            "schema_version": "1"
                        },
                        "tainted": false
                    },
                    "deposed": [],
                    "provider": "provider.aws"
                }
            },
            "depends_on": []
        },
        {
            "path": [
                "root",
                "db-tier"
            ],
            "outputs": {
                "app_id": {
                    "sensitive": false,
                    "type": "list",
                    "value": [
                        "i-09fd390238fdd27fc"
                    ]
                },
                "app_subnet": {
                    "sensitive": false,
                    "type": "string",
                    "value": "subnet-3cc21674"
                },
                "private_ip": {
                    "sensitive": false,
                    "type": "string",
                    "value": "10.22.2.72"
                },
                "sec_group": {
                    "sensitive": false,
                    "type": "string",
                    "value": "sg-73422309"
                },
                "subnet_cidr_block": {
                    "sensitive": false,
                    "type": "string",
                    "value": "10.22.2.0/24"
                }
            },
            "resources": {
                "aws_instance.app": {
                    "type": "aws_instance",
                    "depends_on": [
                        "aws_security_group.app_sg",
                        "aws_subnet.app_subnet"
                    ],
                    "primary": {
                        "id": "i-09fd390238fdd27fc",
                        "attributes": {
                            "ami": "ami-c69bf0bf",
                            "associate_public_ip_address": "false",
                            "availability_zone": "eu-west-1c",
                            "disable_api_termination": "false",
                            "ebs_block_device.#": "0",
                            "ebs_optimized": "false",
                            "ephemeral_block_device.#": "0",
                            "iam_instance_profile": "",
                            "id": "i-09fd390238fdd27fc",
                            "instance_state": "running",
                            "instance_type": "t2.micro",
                            "ipv6_addresses.#": "0",
                            "key_name": "",
                            "monitoring": "false",
                            "network_interface.#": "0",
                            "network_interface_id": "eni-a0532793",
                            "placement_group": "",
                            "primary_network_interface_id": "eni-a0532793",
                            "private_dns": "ip-10-22-2-72.eu-west-1.compute.internal",
                            "private_ip": "10.22.2.72",
                            "public_dns": "",
                            "public_ip": "",
                            "root_block_device.#": "1",
                            "root_block_device.0.delete_on_termination": "true",
                            "root_block_device.0.iops": "100",
                            "root_block_device.0.volume_id": "vol-0fc90a53bb688efc4",
                            "root_block_device.0.volume_size": "8",
                            "root_block_device.0.volume_type": "gp2",
                            "security_groups.#": "0",
                            "source_dest_check": "true",
                            "subnet_id": "subnet-3cc21674",
                            "tags.%": "1",
                            "tags.Name": "db-dragos-tier",
                            "tenancy": "default",
                            "user_data": "da39a3ee5e6b4b0d3255bfef95601890afd80709",
                            "volume_tags.%": "0",
                            "vpc_security_group_ids.#": "1",
                            "vpc_security_group_ids.3792134413": "sg-73422309"
                        },
                        "meta": {
                            "e2bfb730-ecaa-11e6-8f88-34363bc7c4c0": {
                                "create": 600000000000,
                                "delete": 1200000000000,
                                "update": 600000000000
                            },
                            "schema_version": "1"
                        },
                        "tainted": false
                    },
                    "deposed": [],
                    "provider": "provider.aws"
                },
                "aws_route_table_association.rt": {
                    "type": "aws_route_table_association",
                    "depends_on": [
                        "aws_subnet.app_subnet"
                    ],
                    "primary": {
                        "id": "rtbassoc-0425ac7c",
                        "attributes": {
                            "id": "rtbassoc-0425ac7c",
                            "route_table_id": "rtb-4d0acf34",
                            "subnet_id": "subnet-3cc21674"
                        },
                        "meta": {},
                        "tainted": false
                    },
                    "deposed": [],
                    "provider": "provider.aws"
                },
                "aws_security_group.app_sg": {
                    "type": "aws_security_group",
                    "depends_on": [],
                    "primary": {
                        "id": "sg-73422309",
                        "attributes": {
                            "description": "Allow all inbound traffic",
                            "egress.#": "1",
                            "egress.482069346.cidr_blocks.#": "1",
                            "egress.482069346.cidr_blocks.0": "0.0.0.0/0",
                            "egress.482069346.description": "",
                            "egress.482069346.from_port": "0",
                            "egress.482069346.ipv6_cidr_blocks.#": "0",
                            "egress.482069346.prefix_list_ids.#": "0",
                            "egress.482069346.protocol": "-1",
                            "egress.482069346.security_groups.#": "0",
                            "egress.482069346.self": "false",
                            "egress.482069346.to_port": "0",
                            "id": "sg-73422309",
                            "ingress.#": "0",
                            "name": "db-dragos-tier",
                            "owner_id": "135928476890",
                            "revoke_rules_on_delete": "false",
                            "tags.%": "1",
                            "tags.Name": "db-dragos-tier",
                            "vpc_id": "vpc-10dc7676"
                        },
                        "meta": {
                            "schema_version": "1"
                        },
                        "tainted": false
                    },
                    "deposed": [],
                    "provider": "provider.aws"
                },
                "aws_security_group_rule.app_sg_rule": {
                    "type": "aws_security_group_rule",
                    "depends_on": [
                        "aws_security_group.app_sg"
                    ],
                    "primary": {
                        "id": "sgrule-2349666065",
                        "attributes": {
                            "cidr_blocks.#": "1",
                            "cidr_blocks.0": "10.22.1.0/24",
                            "from_port": "27017",
                            "id": "sgrule-2349666065",
                            "protocol": "tcp",
                            "security_group_id": "sg-73422309",
                            "self": "false",
                            "to_port": "27017",
                            "type": "ingress"
                        },
                        "meta": {
                            "schema_version": "2"
                        },
                        "tainted": false
                    },
                    "deposed": [],
                    "provider": "provider.aws"
                },
                "aws_subnet.app_subnet": {
                    "type": "aws_subnet",
                    "depends_on": [],
                    "primary": {
                        "id": "subnet-3cc21674",
                        "attributes": {
                            "assign_ipv6_address_on_creation": "false",
                            "availability_zone": "eu-west-1c",
                            "cidr_block": "10.22.2.0/24",
                            "id": "subnet-3cc21674",
                            "map_public_ip_on_launch": "false",
                            "tags.%": "1",
                            "tags.Name": "db-dragos-tier",
                            "vpc_id": "vpc-10dc7676"
                        },
                        "meta": {
                            "schema_version": "1"
                        },
                        "tainted": false
                    },
                    "deposed": [],
                    "provider": "provider.aws"
                }
            },
            "depends_on": []
        }
    ]
}
