{
    "version": 3,
    "terraform_version": "0.11.3",
    "serial": 2,
    "lineage": "a980cbdc-884e-4fd7-87e1-6e5e121e04ad",
    "modules": [
        {
            "path": [
                "root"
            ],
            "outputs": {},
            "resources": {
                "aws_elb.dragos-elb": {
                    "type": "aws_elb",
                    "depends_on": [
                        "module.app-tier"
                    ],
                    "primary": {
                        "id": "dragos-terraform-elb",
                        "attributes": {
                            "access_logs.#": "0",
                            "arn": "arn:aws:elasticloadbalancing:eu-west-1:135928476890:loadbalancer/dragos-terraform-elb",
                            "availability_zones.#": "1",
                            "availability_zones.1924028850": "eu-west-1b",
                            "connection_draining": "true",
                            "connection_draining_timeout": "400",
                            "cross_zone_load_balancing": "true",
                            "dns_name": "dragos-terraform-elb-572984029.eu-west-1.elb.amazonaws.com",
                            "health_check.#": "1",
                            "health_check.0.healthy_threshold": "5",
                            "health_check.0.interval": "10",
                            "health_check.0.target": "HTTP:3000/",
                            "health_check.0.timeout": "5",
                            "health_check.0.unhealthy_threshold": "2",
                            "id": "dragos-terraform-elb",
                            "idle_timeout": "400",
                            "instances.#": "2",
                            "instances.1551629372": "i-020c406001f776b01",
                            "instances.3005120228": "i-01346cc4bcdb13cfa",
                            "internal": "false",
                            "listener.#": "1",
                            "listener.2797230273.instance_port": "3000",
                            "listener.2797230273.instance_protocol": "http",
                            "listener.2797230273.lb_port": "80",
                            "listener.2797230273.lb_protocol": "http",
                            "listener.2797230273.ssl_certificate_id": "",
                            "name": "dragos-terraform-elb",
                            "security_groups.#": "1",
                            "security_groups.3142494438": "sg-f4e2878e",
                            "source_security_group": "135928476890/app-dragos-tier",
                            "source_security_group_id": "sg-f4e2878e",
                            "subnets.#": "1",
                            "subnets.186333874": "subnet-7f33f419",
                            "tags.%": "1",
                            "tags.Name": "dragos-terraform-elb",
                            "zone_id": "Z32O12XQLNTSW2"
                        },
                        "meta": {},
                        "tainted": false
                    },
                    "deposed": [],
                    "provider": "provider.aws"
                },
                "aws_internet_gateway.gw": {
                    "type": "aws_internet_gateway",
                    "depends_on": [
                        "aws_vpc.app_vpc1"
                    ],
                    "primary": {
                        "id": "igw-54df4a33",
                        "attributes": {
                            "id": "igw-54df4a33",
                            "tags.%": "1",
                            "tags.Name": "dragos-app-gateway",
                            "vpc_id": "vpc-7b339b1d"
                        },
                        "meta": {},
                        "tainted": false
                    },
                    "deposed": [],
                    "provider": "provider.aws"
                },
                "aws_route_table.r": {
                    "type": "aws_route_table",
                    "depends_on": [
                        "aws_internet_gateway.gw",
                        "aws_vpc.app_vpc1"
                    ],
                    "primary": {
                        "id": "rtb-4d47bc34",
                        "attributes": {
                            "id": "rtb-4d47bc34",
                            "propagating_vgws.#": "0",
                            "route.#": "1",
                            "route.1498996306.cidr_block": "0.0.0.0/0",
                            "route.1498996306.egress_only_gateway_id": "",
                            "route.1498996306.gateway_id": "igw-54df4a33",
                            "route.1498996306.instance_id": "",
                            "route.1498996306.ipv6_cidr_block": "",
                            "route.1498996306.nat_gateway_id": "",
                            "route.1498996306.network_interface_id": "",
                            "route.1498996306.vpc_peering_connection_id": "",
                            "tags.%": "1",
                            "tags.Name": "dragos-gateway-public",
                            "vpc_id": "vpc-7b339b1d"
                        },
                        "meta": {},
                        "tainted": false
                    },
                    "deposed": [],
                    "provider": "provider.aws"
                },
                "aws_vpc.app_vpc1": {
                    "type": "aws_vpc",
                    "depends_on": [],
                    "primary": {
                        "id": "vpc-7b339b1d",
                        "attributes": {
                            "assign_generated_ipv6_cidr_block": "false",
                            "cidr_block": "10.22.0.0/16",
                            "default_network_acl_id": "acl-956038f3",
                            "default_route_table_id": "rtb-7442b90d",
                            "default_security_group_id": "sg-30e6834a",
                            "dhcp_options_id": "dopt-18d5d77d",
                            "enable_classiclink": "false",
                            "enable_classiclink_dns_support": "false",
                            "enable_dns_hostnames": "true",
                            "enable_dns_support": "true",
                            "id": "vpc-7b339b1d",
                            "instance_tenancy": "default",
                            "main_route_table_id": "rtb-7442b90d",
                            "tags.%": "1",
                            "tags.Name": "dragos-app-vpc"
                        },
                        "meta": {
                            "schema_version": "1"
                        },
                        "tainted": false
                    },
                    "deposed": [],
                    "provider": "provider.aws"
                },
                "data.template_file.app_init": {
                    "type": "template_file",
                    "depends_on": [
                        "module.db-tier"
                    ],
                    "primary": {
                        "id": "a7ba9e5cbdcca0a268edef620a0a62b082949efa1cdf03321812f2daf3d7801b",
                        "attributes": {
                            "id": "a7ba9e5cbdcca0a268edef620a0a62b082949efa1cdf03321812f2daf3d7801b",
                            "rendered": "#!/bin/bash\ncd /home/ubuntu/app\nexport DB_HOST=mongodb://10.22.2.212:27017\n# npm install\nnode app.js",
                            "template": "#!/bin/bash\ncd /home/ubuntu/app\nexport DB_HOST=mongodb://${mongodb_ip}:27017\n# npm install\nnode app.js",
                            "vars.%": "1",
                            "vars.mongodb_ip": "10.22.2.212"
                        },
                        "meta": {},
                        "tainted": false
                    },
                    "deposed": [],
                    "provider": "provider.template"
                }
            },
            "depends_on": []
        },
        {
            "path": [
                "root",
                "app-tier"
            ],
            "outputs": {
                "app_id": {
                    "sensitive": false,
                    "type": "list",
                    "value": [
                        "i-020c406001f776b01",
                        "i-01346cc4bcdb13cfa"
                    ]
                },
                "app_subnet": {
                    "sensitive": false,
                    "type": "string",
                    "value": "subnet-7f33f419"
                },
                "private_ip": {
                    "sensitive": false,
                    "type": "string",
                    "value": "10.22.1.177"
                },
                "sec_group": {
                    "sensitive": false,
                    "type": "string",
                    "value": "sg-f4e2878e"
                },
                "subnet_cidr_block": {
                    "sensitive": false,
                    "type": "string",
                    "value": "10.22.1.0/24"
                }
            },
            "resources": {
                "aws_instance.app.0": {
                    "type": "aws_instance",
                    "depends_on": [
                        "aws_security_group.app_sg",
                        "aws_subnet.app_subnet"
                    ],
                    "primary": {
                        "id": "i-020c406001f776b01",
                        "attributes": {
                            "ami": "ami-24b0db5d",
                            "associate_public_ip_address": "true",
                            "availability_zone": "eu-west-1b",
                            "disable_api_termination": "false",
                            "ebs_block_device.#": "0",
                            "ebs_optimized": "false",
                            "ephemeral_block_device.#": "0",
                            "iam_instance_profile": "",
                            "id": "i-020c406001f776b01",
                            "instance_state": "running",
                            "instance_type": "t2.micro",
                            "ipv6_addresses.#": "0",
                            "key_name": "",
                            "monitoring": "false",
                            "network_interface.#": "0",
                            "network_interface_id": "eni-0e64e82f",
                            "placement_group": "",
                            "primary_network_interface_id": "eni-0e64e82f",
                            "private_dns": "ip-10-22-1-177.eu-west-1.compute.internal",
                            "private_ip": "10.22.1.177",
                            "public_dns": "ec2-52-17-234-199.eu-west-1.compute.amazonaws.com",
                            "public_ip": "52.17.234.199",
                            "root_block_device.#": "1",
                            "root_block_device.0.delete_on_termination": "true",
                            "root_block_device.0.iops": "100",
                            "root_block_device.0.volume_id": "vol-0b714466f8de3e490",
                            "root_block_device.0.volume_size": "8",
                            "root_block_device.0.volume_type": "gp2",
                            "security_groups.#": "0",
                            "source_dest_check": "true",
                            "subnet_id": "subnet-7f33f419",
                            "tags.%": "1",
                            "tags.Name": "app-dragos-tier",
                            "tenancy": "default",
                            "user_data": "cce627b21036b47fa8f690302d93d972f89a8a84",
                            "volume_tags.%": "0",
                            "vpc_security_group_ids.#": "1",
                            "vpc_security_group_ids.3142494438": "sg-f4e2878e"
                        },
                        "meta": {
                            "e2bfb730-ecaa-11e6-8f88-34363bc7c4c0": {
                                "create": 600000000000,
                                "delete": 1200000000000,
                                "update": 600000000000
                            },
                            "schema_version": "1"
                        },
                        "tainted": false
                    },
                    "deposed": [],
                    "provider": "provider.aws"
                },
                "aws_instance.app.1": {
                    "type": "aws_instance",
                    "depends_on": [
                        "aws_security_group.app_sg",
                        "aws_subnet.app_subnet"
                    ],
                    "primary": {
                        "id": "i-01346cc4bcdb13cfa",
                        "attributes": {
                            "ami": "ami-24b0db5d",
                            "associate_public_ip_address": "true",
                            "availability_zone": "eu-west-1b",
                            "disable_api_termination": "false",
                            "ebs_block_device.#": "0",
                            "ebs_optimized": "false",
                            "ephemeral_block_device.#": "0",
                            "iam_instance_profile": "",
                            "id": "i-01346cc4bcdb13cfa",
                            "instance_state": "running",
                            "instance_type": "t2.micro",
                            "ipv6_addresses.#": "0",
                            "key_name": "",
                            "monitoring": "false",
                            "network_interface.#": "0",
                            "network_interface_id": "eni-9e69e5bf",
                            "placement_group": "",
                            "primary_network_interface_id": "eni-9e69e5bf",
                            "private_dns": "ip-10-22-1-133.eu-west-1.compute.internal",
                            "private_ip": "10.22.1.133",
                            "public_dns": "ec2-54-77-174-132.eu-west-1.compute.amazonaws.com",
                            "public_ip": "54.77.174.132",
                            "root_block_device.#": "1",
                            "root_block_device.0.delete_on_termination": "true",
                            "root_block_device.0.iops": "100",
                            "root_block_device.0.volume_id": "vol-00a4138f09bcf619f",
                            "root_block_device.0.volume_size": "8",
                            "root_block_device.0.volume_type": "gp2",
                            "security_groups.#": "0",
                            "source_dest_check": "true",
                            "subnet_id": "subnet-7f33f419",
                            "tags.%": "1",
                            "tags.Name": "app-dragos-tier",
                            "tenancy": "default",
                            "user_data": "cce627b21036b47fa8f690302d93d972f89a8a84",
                            "volume_tags.%": "0",
                            "vpc_security_group_ids.#": "1",
                            "vpc_security_group_ids.3142494438": "sg-f4e2878e"
                        },
                        "meta": {
                            "e2bfb730-ecaa-11e6-8f88-34363bc7c4c0": {
                                "create": 600000000000,
                                "delete": 1200000000000,
                                "update": 600000000000
                            },
                            "schema_version": "1"
                        },
                        "tainted": false
                    },
                    "deposed": [],
                    "provider": "provider.aws"
                },
                "aws_route_table_association.rt": {
                    "type": "aws_route_table_association",
                    "depends_on": [
                        "aws_subnet.app_subnet"
                    ],
                    "primary": {
                        "id": "rtbassoc-dd129da5",
                        "attributes": {
                            "id": "rtbassoc-dd129da5",
                            "route_table_id": "rtb-4d47bc34",
                            "subnet_id": "subnet-7f33f419"
                        },
                        "meta": {},
                        "tainted": false
                    },
                    "deposed": [],
                    "provider": "provider.aws"
                },
                "aws_security_group.app_sg": {
                    "type": "aws_security_group",
                    "depends_on": [],
                    "primary": {
                        "id": "sg-f4e2878e",
                        "attributes": {
                            "description": "Allow all inbound traffic",
                            "egress.#": "1",
                            "egress.482069346.cidr_blocks.#": "1",
                            "egress.482069346.cidr_blocks.0": "0.0.0.0/0",
                            "egress.482069346.description": "",
                            "egress.482069346.from_port": "0",
                            "egress.482069346.ipv6_cidr_blocks.#": "0",
                            "egress.482069346.prefix_list_ids.#": "0",
                            "egress.482069346.protocol": "-1",
                            "egress.482069346.security_groups.#": "0",
                            "egress.482069346.self": "false",
                            "egress.482069346.to_port": "0",
                            "id": "sg-f4e2878e",
                            "ingress.#": "0",
                            "name": "app-dragos-tier",
                            "owner_id": "135928476890",
                            "revoke_rules_on_delete": "false",
                            "tags.%": "1",
                            "tags.Name": "app-dragos-tier",
                            "vpc_id": "vpc-7b339b1d"
                        },
                        "meta": {
                            "schema_version": "1"
                        },
                        "tainted": false
                    },
                    "deposed": [],
                    "provider": "provider.aws"
                },
                "aws_security_group_rule.app_sg_rule": {
                    "type": "aws_security_group_rule",
                    "depends_on": [
                        "aws_security_group.app_sg"
                    ],
                    "primary": {
                        "id": "sgrule-1127180856",
                        "attributes": {
                            "cidr_blocks.#": "1",
                            "cidr_blocks.0": "0.0.0.0/0",
                            "from_port": "80",
                            "id": "sgrule-1127180856",
                            "protocol": "tcp",
                            "security_group_id": "sg-f4e2878e",
                            "self": "false",
                            "to_port": "80",
                            "type": "ingress"
                        },
                        "meta": {
                            "schema_version": "2"
                        },
                        "tainted": false
                    },
                    "deposed": [],
                    "provider": "provider.aws"
                },
                "aws_subnet.app_subnet": {
                    "type": "aws_subnet",
                    "depends_on": [],
                    "primary": {
                        "id": "subnet-7f33f419",
                        "attributes": {
                            "assign_ipv6_address_on_creation": "false",
                            "availability_zone": "eu-west-1b",
                            "cidr_block": "10.22.1.0/24",
                            "id": "subnet-7f33f419",
                            "map_public_ip_on_launch": "true",
                            "tags.%": "1",
                            "tags.Name": "app-dragos-tier",
                            "vpc_id": "vpc-7b339b1d"
                        },
                        "meta": {
                            "schema_version": "1"
                        },
                        "tainted": false
                    },
                    "deposed": [],
                    "provider": "provider.aws"
                }
            },
            "depends_on": []
        },
        {
            "path": [
                "root",
                "db-tier"
            ],
            "outputs": {
                "app_id": {
                    "sensitive": false,
                    "type": "list",
                    "value": [
                        "i-0351e744172c727ee"
                    ]
                },
                "app_subnet": {
                    "sensitive": false,
                    "type": "string",
                    "value": "subnet-7d2aed1b"
                },
                "private_ip": {
                    "sensitive": false,
                    "type": "string",
                    "value": "10.22.2.212"
                },
                "sec_group": {
                    "sensitive": false,
                    "type": "string",
                    "value": "sg-eae28790"
                },
                "subnet_cidr_block": {
                    "sensitive": false,
                    "type": "string",
                    "value": "10.22.2.0/24"
                }
            },
            "resources": {
                "aws_instance.app": {
                    "type": "aws_instance",
                    "depends_on": [
                        "aws_security_group.app_sg",
                        "aws_subnet.app_subnet"
                    ],
                    "primary": {
                        "id": "i-0351e744172c727ee",
                        "attributes": {
                            "ami": "ami-c69bf0bf",
                            "associate_public_ip_address": "false",
                            "availability_zone": "eu-west-1b",
                            "disable_api_termination": "false",
                            "ebs_block_device.#": "0",
                            "ebs_optimized": "false",
                            "ephemeral_block_device.#": "0",
                            "iam_instance_profile": "",
                            "id": "i-0351e744172c727ee",
                            "instance_state": "running",
                            "instance_type": "t2.micro",
                            "ipv6_addresses.#": "0",
                            "key_name": "",
                            "monitoring": "false",
                            "network_interface.#": "0",
                            "network_interface_id": "eni-ba68e49b",
                            "placement_group": "",
                            "primary_network_interface_id": "eni-ba68e49b",
                            "private_dns": "ip-10-22-2-212.eu-west-1.compute.internal",
                            "private_ip": "10.22.2.212",
                            "public_dns": "",
                            "public_ip": "",
                            "root_block_device.#": "1",
                            "root_block_device.0.delete_on_termination": "true",
                            "root_block_device.0.iops": "100",
                            "root_block_device.0.volume_id": "vol-071689fb10cbdb35e",
                            "root_block_device.0.volume_size": "8",
                            "root_block_device.0.volume_type": "gp2",
                            "security_groups.#": "0",
                            "source_dest_check": "true",
                            "subnet_id": "subnet-7d2aed1b",
                            "tags.%": "1",
                            "tags.Name": "db-dragos-tier",
                            "tenancy": "default",
                            "user_data": "da39a3ee5e6b4b0d3255bfef95601890afd80709",
                            "volume_tags.%": "0",
                            "vpc_security_group_ids.#": "1",
                            "vpc_security_group_ids.1178008879": "sg-eae28790"
                        },
                        "meta": {
                            "e2bfb730-ecaa-11e6-8f88-34363bc7c4c0": {
                                "create": 600000000000,
                                "delete": 1200000000000,
                                "update": 600000000000
                            },
                            "schema_version": "1"
                        },
                        "tainted": false
                    },
                    "deposed": [],
                    "provider": "provider.aws"
                },
                "aws_route_table_association.rt": {
                    "type": "aws_route_table_association",
                    "depends_on": [
                        "aws_subnet.app_subnet"
                    ],
                    "primary": {
                        "id": "rtbassoc-a22ca3da",
                        "attributes": {
                            "id": "rtbassoc-a22ca3da",
                            "route_table_id": "rtb-7442b90d",
                            "subnet_id": "subnet-7d2aed1b"
                        },
                        "meta": {},
                        "tainted": false
                    },
                    "deposed": [],
                    "provider": "provider.aws"
                },
                "aws_security_group.app_sg": {
                    "type": "aws_security_group",
                    "depends_on": [],
                    "primary": {
                        "id": "sg-eae28790",
                        "attributes": {
                            "description": "Allow all inbound traffic",
                            "egress.#": "1",
                            "egress.482069346.cidr_blocks.#": "1",
                            "egress.482069346.cidr_blocks.0": "0.0.0.0/0",
                            "egress.482069346.description": "",
                            "egress.482069346.from_port": "0",
                            "egress.482069346.ipv6_cidr_blocks.#": "0",
                            "egress.482069346.prefix_list_ids.#": "0",
                            "egress.482069346.protocol": "-1",
                            "egress.482069346.security_groups.#": "0",
                            "egress.482069346.self": "false",
                            "egress.482069346.to_port": "0",
                            "id": "sg-eae28790",
                            "ingress.#": "0",
                            "name": "db-dragos-tier",
                            "owner_id": "135928476890",
                            "revoke_rules_on_delete": "false",
                            "tags.%": "1",
                            "tags.Name": "db-dragos-tier",
                            "vpc_id": "vpc-7b339b1d"
                        },
                        "meta": {
                            "schema_version": "1"
                        },
                        "tainted": false
                    },
                    "deposed": [],
                    "provider": "provider.aws"
                },
                "aws_security_group_rule.app_sg_rule": {
                    "type": "aws_security_group_rule",
                    "depends_on": [
                        "aws_security_group.app_sg"
                    ],
                    "primary": {
                        "id": "sgrule-3814579078",
                        "attributes": {
                            "cidr_blocks.#": "1",
                            "cidr_blocks.0": "10.22.1.0/24",
                            "from_port": "27017",
                            "id": "sgrule-3814579078",
                            "protocol": "tcp",
                            "security_group_id": "sg-eae28790",
                            "self": "false",
                            "to_port": "27017",
                            "type": "ingress"
                        },
                        "meta": {
                            "schema_version": "2"
                        },
                        "tainted": false
                    },
                    "deposed": [],
                    "provider": "provider.aws"
                },
                "aws_subnet.app_subnet": {
                    "type": "aws_subnet",
                    "depends_on": [],
                    "primary": {
                        "id": "subnet-7d2aed1b",
                        "attributes": {
                            "assign_ipv6_address_on_creation": "false",
                            "availability_zone": "eu-west-1b",
                            "cidr_block": "10.22.2.0/24",
                            "id": "subnet-7d2aed1b",
                            "map_public_ip_on_launch": "false",
                            "tags.%": "1",
                            "tags.Name": "db-dragos-tier",
                            "vpc_id": "vpc-7b339b1d"
                        },
                        "meta": {
                            "schema_version": "1"
                        },
                        "tainted": false
                    },
                    "deposed": [],
                    "provider": "provider.aws"
                }
            },
            "depends_on": []
        }
    ]
}
