{
    "version": 3,
    "terraform_version": "0.11.3",
    "serial": 22,
    "lineage": "a980cbdc-884e-4fd7-87e1-6e5e121e04ad",
    "modules": [
        {
            "path": [
                "root"
            ],
            "outputs": {},
            "resources": {
                "aws_autoscaling_group.dragos_autoscaling_grp": {
                    "type": "aws_autoscaling_group",
                    "depends_on": [
                        "aws_elb.dragos_elb",
                        "aws_launch_configuration.dragos_launch_config",
                        "module.app-tier"
                    ],
                    "primary": {
                        "id": "dragos_autoscaling_grp",
                        "attributes": {
                            "arn": "arn:aws:autoscaling:eu-west-1:135928476890:autoScalingGroup:b60e33d8-7229-4c20-b832-b4da1ac1628c:autoScalingGroupName/dragos_autoscaling_grp",
                            "availability_zones.#": "1",
                            "availability_zones.94988580": "eu-west-1c",
                            "default_cooldown": "300",
                            "desired_capacity": "2",
                            "force_delete": "true",
                            "health_check_grace_period": "200",
                            "health_check_type": "ELB",
                            "id": "dragos_autoscaling_grp",
                            "launch_configuration": "dragos-launch-config20180301142039769700000001",
                            "load_balancers.#": "1",
                            "load_balancers.208197274": "dragos-terraform-elb",
                            "max_size": "3",
                            "metrics_granularity": "1Minute",
                            "min_size": "2",
                            "name": "dragos_autoscaling_grp",
                            "placement_group": "",
                            "protect_from_scale_in": "false",
                            "suspended_processes.#": "0",
                            "tag.#": "0",
                            "target_group_arns.#": "0",
                            "termination_policies.#": "0",
                            "vpc_zone_identifier.#": "1",
                            "vpc_zone_identifier.1932967677": "subnet-8305d0cb",
                            "wait_for_capacity_timeout": "5m"
                        },
                        "meta": {
                            "e2bfb730-ecaa-11e6-8f88-34363bc7c4c0": {
                                "delete": 600000000000
                            }
                        },
                        "tainted": false
                    },
                    "deposed": [],
                    "provider": "provider.aws"
                },
                "aws_elb.dragos_elb": {
                    "type": "aws_elb",
                    "depends_on": [
                        "module.app-tier"
                    ],
                    "primary": {
                        "id": "dragos-terraform-elb",
                        "attributes": {
                            "access_logs.#": "0",
                            "arn": "arn:aws:elasticloadbalancing:eu-west-1:135928476890:loadbalancer/dragos-terraform-elb",
                            "availability_zones.#": "1",
                            "availability_zones.94988580": "eu-west-1c",
                            "connection_draining": "true",
                            "connection_draining_timeout": "400",
                            "cross_zone_load_balancing": "true",
                            "dns_name": "dragos-terraform-elb-922167921.eu-west-1.elb.amazonaws.com",
                            "health_check.#": "1",
                            "health_check.0.healthy_threshold": "5",
                            "health_check.0.interval": "10",
                            "health_check.0.target": "HTTP:3000/",
                            "health_check.0.timeout": "5",
                            "health_check.0.unhealthy_threshold": "2",
                            "id": "dragos-terraform-elb",
                            "idle_timeout": "400",
                            "instances.#": "2",
                            "instances.3865374047": "i-07ba2616a30d96c74",
                            "instances.812051262": "i-07603e051a46b933a",
                            "internal": "false",
                            "listener.#": "1",
                            "listener.2797230273.instance_port": "3000",
                            "listener.2797230273.instance_protocol": "http",
                            "listener.2797230273.lb_port": "80",
                            "listener.2797230273.lb_protocol": "http",
                            "listener.2797230273.ssl_certificate_id": "",
                            "name": "dragos-terraform-elb",
                            "security_groups.#": "1",
                            "security_groups.4204542400": "sg-e0791d9a",
                            "source_security_group": "135928476890/app-dragos-tier",
                            "source_security_group_id": "sg-e0791d9a",
                            "subnets.#": "1",
                            "subnets.1932967677": "subnet-8305d0cb",
                            "tags.%": "1",
                            "tags.Name": "dragos-terraform-elb",
                            "zone_id": "Z32O12XQLNTSW2"
                        },
                        "meta": {},
                        "tainted": false
                    },
                    "deposed": [],
                    "provider": "provider.aws"
                },
                "aws_internet_gateway.gw": {
                    "type": "aws_internet_gateway",
                    "depends_on": [
                        "aws_vpc.app_vpc1"
                    ],
                    "primary": {
                        "id": "igw-56e27731",
                        "attributes": {
                            "id": "igw-56e27731",
                            "tags.%": "1",
                            "tags.Name": "dragos-app-gateway",
                            "vpc_id": "vpc-28ff544e"
                        },
                        "meta": {},
                        "tainted": false
                    },
                    "deposed": [],
                    "provider": "provider.aws"
                },
                "aws_launch_configuration.dragos_launch_config": {
                    "type": "aws_launch_configuration",
                    "depends_on": [
                        "data.template_file.app_init",
                        "module.app-tier"
                    ],
                    "primary": {
                        "id": "dragos-launch-config20180301142039769700000001",
                        "attributes": {
                            "associate_public_ip_address": "false",
                            "ebs_block_device.#": "0",
                            "ebs_optimized": "false",
                            "enable_monitoring": "true",
                            "ephemeral_block_device.#": "0",
                            "iam_instance_profile": "",
                            "id": "dragos-launch-config20180301142039769700000001",
                            "image_id": "ami-24b0db5d",
                            "instance_type": "t2.micro",
                            "key_name": "",
                            "name": "dragos-launch-config20180301142039769700000001",
                            "name_prefix": "dragos-launch-config",
                            "root_block_device.#": "0",
                            "security_groups.#": "1",
                            "security_groups.4204542400": "sg-e0791d9a",
                            "spot_price": "",
                            "user_data": "1c7678c9857bdd37244bfbd3c3732e83179dba27",
                            "vpc_classic_link_id": "",
                            "vpc_classic_link_security_groups.#": "0"
                        },
                        "meta": {},
                        "tainted": false
                    },
                    "deposed": [],
                    "provider": "provider.aws"
                },
                "aws_route_table.r": {
                    "type": "aws_route_table",
                    "depends_on": [
                        "aws_internet_gateway.gw",
                        "aws_vpc.app_vpc1"
                    ],
                    "primary": {
                        "id": "rtb-e9fc0690",
                        "attributes": {
                            "id": "rtb-e9fc0690",
                            "propagating_vgws.#": "0",
                            "route.#": "1",
                            "route.388373254.cidr_block": "0.0.0.0/0",
                            "route.388373254.egress_only_gateway_id": "",
                            "route.388373254.gateway_id": "igw-56e27731",
                            "route.388373254.instance_id": "",
                            "route.388373254.ipv6_cidr_block": "",
                            "route.388373254.nat_gateway_id": "",
                            "route.388373254.network_interface_id": "",
                            "route.388373254.vpc_peering_connection_id": "",
                            "tags.%": "1",
                            "tags.Name": "dragos-gateway-public",
                            "vpc_id": "vpc-28ff544e"
                        },
                        "meta": {},
                        "tainted": false
                    },
                    "deposed": [],
                    "provider": "provider.aws"
                },
                "aws_vpc.app_vpc1": {
                    "type": "aws_vpc",
                    "depends_on": [],
                    "primary": {
                        "id": "vpc-28ff544e",
                        "attributes": {
                            "assign_generated_ipv6_cidr_block": "false",
                            "cidr_block": "10.22.0.0/16",
                            "default_network_acl_id": "acl-a5a2fac3",
                            "default_route_table_id": "rtb-8bfb01f2",
                            "default_security_group_id": "sg-73412509",
                            "dhcp_options_id": "dopt-18d5d77d",
                            "enable_classiclink": "false",
                            "enable_classiclink_dns_support": "false",
                            "enable_dns_hostnames": "true",
                            "enable_dns_support": "true",
                            "id": "vpc-28ff544e",
                            "instance_tenancy": "default",
                            "main_route_table_id": "rtb-8bfb01f2",
                            "tags.%": "1",
                            "tags.Name": "dragos-app-vpc"
                        },
                        "meta": {
                            "schema_version": "1"
                        },
                        "tainted": false
                    },
                    "deposed": [],
                    "provider": "provider.aws"
                },
                "data.template_file.app_init": {
                    "type": "template_file",
                    "depends_on": [
                        "module.db-tier"
                    ],
                    "primary": {
                        "id": "08124e640815fe66ad551885019808bd5beba15380a24342e0efaae0f6a6e6fc",
                        "attributes": {
                            "id": "08124e640815fe66ad551885019808bd5beba15380a24342e0efaae0f6a6e6fc",
                            "rendered": "#!/bin/bash\ncd /home/ubuntu/app\nexport DB_HOST=mongodb://10.22.2.21:27017\n# npm install\nnode app.js",
                            "template": "#!/bin/bash\ncd /home/ubuntu/app\nexport DB_HOST=mongodb://${mongodb_ip}:27017\n# npm install\nnode app.js",
                            "vars.%": "1",
                            "vars.mongodb_ip": "10.22.2.21"
                        },
                        "meta": {},
                        "tainted": false
                    },
                    "deposed": [],
                    "provider": "provider.template"
                }
            },
            "depends_on": []
        },
        {
            "path": [
                "root",
                "app-tier"
            ],
            "outputs": {
                "app_id": {
                    "sensitive": false,
                    "type": "list",
                    "value": [
                        "i-07ba2616a30d96c74",
                        "i-07603e051a46b933a"
                    ]
                },
                "app_subnet": {
                    "sensitive": false,
                    "type": "string",
                    "value": "subnet-8305d0cb"
                },
                "private_ip": {
                    "sensitive": false,
                    "type": "string",
                    "value": "10.22.1.166"
                },
                "sec_group": {
                    "sensitive": false,
                    "type": "string",
                    "value": "sg-e0791d9a"
                },
                "subnet_cidr_block": {
                    "sensitive": false,
                    "type": "string",
                    "value": "10.22.1.0/24"
                }
            },
            "resources": {
                "aws_instance.app.0": {
                    "type": "aws_instance",
                    "depends_on": [
                        "aws_security_group.app_sg",
                        "aws_subnet.app_subnet"
                    ],
                    "primary": {
                        "id": "i-07ba2616a30d96c74",
                        "attributes": {
                            "ami": "ami-24b0db5d",
                            "associate_public_ip_address": "true",
                            "availability_zone": "eu-west-1c",
                            "disable_api_termination": "false",
                            "ebs_block_device.#": "0",
                            "ebs_optimized": "false",
                            "ephemeral_block_device.#": "0",
                            "iam_instance_profile": "",
                            "id": "i-07ba2616a30d96c74",
                            "instance_state": "running",
                            "instance_type": "t2.micro",
                            "ipv6_addresses.#": "0",
                            "key_name": "",
                            "monitoring": "false",
                            "network_interface.#": "0",
                            "network_interface_id": "eni-abaac498",
                            "placement_group": "",
                            "primary_network_interface_id": "eni-abaac498",
                            "private_dns": "ip-10-22-1-166.eu-west-1.compute.internal",
                            "private_ip": "10.22.1.166",
                            "public_dns": "ec2-34-240-212-212.eu-west-1.compute.amazonaws.com",
                            "public_ip": "34.240.212.212",
                            "root_block_device.#": "1",
                            "root_block_device.0.delete_on_termination": "true",
                            "root_block_device.0.iops": "100",
                            "root_block_device.0.volume_id": "vol-007cea4a5328bfe0f",
                            "root_block_device.0.volume_size": "8",
                            "root_block_device.0.volume_type": "gp2",
                            "security_groups.#": "0",
                            "source_dest_check": "true",
                            "subnet_id": "subnet-8305d0cb",
                            "tags.%": "1",
                            "tags.Name": "app-dragos-tier",
                            "tenancy": "default",
                            "user_data": "1c7678c9857bdd37244bfbd3c3732e83179dba27",
                            "volume_tags.%": "0",
                            "vpc_security_group_ids.#": "1",
                            "vpc_security_group_ids.4204542400": "sg-e0791d9a"
                        },
                        "meta": {
                            "e2bfb730-ecaa-11e6-8f88-34363bc7c4c0": {
                                "create": 600000000000,
                                "delete": 1200000000000,
                                "update": 600000000000
                            },
                            "schema_version": "1"
                        },
                        "tainted": false
                    },
                    "deposed": [],
                    "provider": "provider.aws"
                },
                "aws_instance.app.1": {
                    "type": "aws_instance",
                    "depends_on": [
                        "aws_security_group.app_sg",
                        "aws_subnet.app_subnet"
                    ],
                    "primary": {
                        "id": "i-07603e051a46b933a",
                        "attributes": {
                            "ami": "ami-24b0db5d",
                            "associate_public_ip_address": "true",
                            "availability_zone": "eu-west-1c",
                            "disable_api_termination": "false",
                            "ebs_block_device.#": "0",
                            "ebs_optimized": "false",
                            "ephemeral_block_device.#": "0",
                            "iam_instance_profile": "",
                            "id": "i-07603e051a46b933a",
                            "instance_state": "running",
                            "instance_type": "t2.micro",
                            "ipv6_addresses.#": "0",
                            "key_name": "",
                            "monitoring": "false",
                            "network_interface.#": "0",
                            "network_interface_id": "eni-87acc2b4",
                            "placement_group": "",
                            "primary_network_interface_id": "eni-87acc2b4",
                            "private_dns": "ip-10-22-1-216.eu-west-1.compute.internal",
                            "private_ip": "10.22.1.216",
                            "public_dns": "ec2-34-244-215-95.eu-west-1.compute.amazonaws.com",
                            "public_ip": "34.244.215.95",
                            "root_block_device.#": "1",
                            "root_block_device.0.delete_on_termination": "true",
                            "root_block_device.0.iops": "100",
                            "root_block_device.0.volume_id": "vol-0ec449ae74209b158",
                            "root_block_device.0.volume_size": "8",
                            "root_block_device.0.volume_type": "gp2",
                            "security_groups.#": "0",
                            "source_dest_check": "true",
                            "subnet_id": "subnet-8305d0cb",
                            "tags.%": "1",
                            "tags.Name": "app-dragos-tier",
                            "tenancy": "default",
                            "user_data": "1c7678c9857bdd37244bfbd3c3732e83179dba27",
                            "volume_tags.%": "0",
                            "vpc_security_group_ids.#": "1",
                            "vpc_security_group_ids.4204542400": "sg-e0791d9a"
                        },
                        "meta": {
                            "e2bfb730-ecaa-11e6-8f88-34363bc7c4c0": {
                                "create": 600000000000,
                                "delete": 1200000000000,
                                "update": 600000000000
                            },
                            "schema_version": "1"
                        },
                        "tainted": false
                    },
                    "deposed": [],
                    "provider": "provider.aws"
                },
                "aws_route_table_association.rt": {
                    "type": "aws_route_table_association",
                    "depends_on": [
                        "aws_subnet.app_subnet"
                    ],
                    "primary": {
                        "id": "rtbassoc-5e8d0326",
                        "attributes": {
                            "id": "rtbassoc-5e8d0326",
                            "route_table_id": "rtb-e9fc0690",
                            "subnet_id": "subnet-8305d0cb"
                        },
                        "meta": {},
                        "tainted": false
                    },
                    "deposed": [],
                    "provider": "provider.aws"
                },
                "aws_security_group.app_sg": {
                    "type": "aws_security_group",
                    "depends_on": [],
                    "primary": {
                        "id": "sg-e0791d9a",
                        "attributes": {
                            "description": "Allow all inbound traffic",
                            "egress.#": "1",
                            "egress.482069346.cidr_blocks.#": "1",
                            "egress.482069346.cidr_blocks.0": "0.0.0.0/0",
                            "egress.482069346.description": "",
                            "egress.482069346.from_port": "0",
                            "egress.482069346.ipv6_cidr_blocks.#": "0",
                            "egress.482069346.prefix_list_ids.#": "0",
                            "egress.482069346.protocol": "-1",
                            "egress.482069346.security_groups.#": "0",
                            "egress.482069346.self": "false",
                            "egress.482069346.to_port": "0",
                            "id": "sg-e0791d9a",
                            "ingress.#": "0",
                            "name": "app-dragos-tier",
                            "owner_id": "135928476890",
                            "revoke_rules_on_delete": "false",
                            "tags.%": "1",
                            "tags.Name": "app-dragos-tier",
                            "vpc_id": "vpc-28ff544e"
                        },
                        "meta": {
                            "schema_version": "1"
                        },
                        "tainted": false
                    },
                    "deposed": [],
                    "provider": "provider.aws"
                },
                "aws_security_group_rule.app_sg_rule": {
                    "type": "aws_security_group_rule",
                    "depends_on": [
                        "aws_security_group.app_sg"
                    ],
                    "primary": {
                        "id": "sgrule-1485087674",
                        "attributes": {
                            "cidr_blocks.#": "1",
                            "cidr_blocks.0": "0.0.0.0/0",
                            "from_port": "80",
                            "id": "sgrule-1485087674",
                            "protocol": "tcp",
                            "security_group_id": "sg-e0791d9a",
                            "self": "false",
                            "to_port": "80",
                            "type": "ingress"
                        },
                        "meta": {
                            "schema_version": "2"
                        },
                        "tainted": false
                    },
                    "deposed": [],
                    "provider": "provider.aws"
                },
                "aws_subnet.app_subnet": {
                    "type": "aws_subnet",
                    "depends_on": [],
                    "primary": {
                        "id": "subnet-8305d0cb",
                        "attributes": {
                            "assign_ipv6_address_on_creation": "false",
                            "availability_zone": "eu-west-1c",
                            "cidr_block": "10.22.1.0/24",
                            "id": "subnet-8305d0cb",
                            "map_public_ip_on_launch": "true",
                            "tags.%": "1",
                            "tags.Name": "app-dragos-tier",
                            "vpc_id": "vpc-28ff544e"
                        },
                        "meta": {
                            "schema_version": "1"
                        },
                        "tainted": false
                    },
                    "deposed": [],
                    "provider": "provider.aws"
                }
            },
            "depends_on": []
        },
        {
            "path": [
                "root",
                "db-tier"
            ],
            "outputs": {
                "app_id": {
                    "sensitive": false,
                    "type": "list",
                    "value": [
                        "i-017edf4fde16c7614"
                    ]
                },
                "app_subnet": {
                    "sensitive": false,
                    "type": "string",
                    "value": "subnet-505c9b36"
                },
                "private_ip": {
                    "sensitive": false,
                    "type": "string",
                    "value": "10.22.2.21"
                },
                "sec_group": {
                    "sensitive": false,
                    "type": "string",
                    "value": "sg-af492dd5"
                },
                "subnet_cidr_block": {
                    "sensitive": false,
                    "type": "string",
                    "value": "10.22.2.0/24"
                }
            },
            "resources": {
                "aws_instance.app": {
                    "type": "aws_instance",
                    "depends_on": [
                        "aws_security_group.app_sg",
                        "aws_subnet.app_subnet"
                    ],
                    "primary": {
                        "id": "i-017edf4fde16c7614",
                        "attributes": {
                            "ami": "ami-c69bf0bf",
                            "associate_public_ip_address": "false",
                            "availability_zone": "eu-west-1b",
                            "disable_api_termination": "false",
                            "ebs_block_device.#": "0",
                            "ebs_optimized": "false",
                            "ephemeral_block_device.#": "0",
                            "iam_instance_profile": "",
                            "id": "i-017edf4fde16c7614",
                            "instance_state": "running",
                            "instance_type": "t2.micro",
                            "ipv6_addresses.#": "0",
                            "key_name": "",
                            "monitoring": "false",
                            "network_interface.#": "0",
                            "network_interface_id": "eni-cb7df2ea",
                            "placement_group": "",
                            "primary_network_interface_id": "eni-cb7df2ea",
                            "private_dns": "ip-10-22-2-21.eu-west-1.compute.internal",
                            "private_ip": "10.22.2.21",
                            "public_dns": "",
                            "public_ip": "",
                            "root_block_device.#": "1",
                            "root_block_device.0.delete_on_termination": "true",
                            "root_block_device.0.iops": "100",
                            "root_block_device.0.volume_id": "vol-03f4281e812995430",
                            "root_block_device.0.volume_size": "8",
                            "root_block_device.0.volume_type": "gp2",
                            "security_groups.#": "0",
                            "source_dest_check": "true",
                            "subnet_id": "subnet-505c9b36",
                            "tags.%": "1",
                            "tags.Name": "db-dragos-tier",
                            "tenancy": "default",
                            "user_data": "da39a3ee5e6b4b0d3255bfef95601890afd80709",
                            "volume_tags.%": "0",
                            "vpc_security_group_ids.#": "1",
                            "vpc_security_group_ids.3386998787": "sg-af492dd5"
                        },
                        "meta": {
                            "e2bfb730-ecaa-11e6-8f88-34363bc7c4c0": {
                                "create": 600000000000,
                                "delete": 1200000000000,
                                "update": 600000000000
                            },
                            "schema_version": "1"
                        },
                        "tainted": false
                    },
                    "deposed": [],
                    "provider": "provider.aws"
                },
                "aws_route_table_association.rt": {
                    "type": "aws_route_table_association",
                    "depends_on": [
                        "aws_subnet.app_subnet"
                    ],
                    "primary": {
                        "id": "rtbassoc-a7f07edf",
                        "attributes": {
                            "id": "rtbassoc-a7f07edf",
                            "route_table_id": "rtb-8bfb01f2",
                            "subnet_id": "subnet-505c9b36"
                        },
                        "meta": {},
                        "tainted": false
                    },
                    "deposed": [],
                    "provider": "provider.aws"
                },
                "aws_security_group.app_sg": {
                    "type": "aws_security_group",
                    "depends_on": [],
                    "primary": {
                        "id": "sg-af492dd5",
                        "attributes": {
                            "description": "Allow all inbound traffic",
                            "egress.#": "1",
                            "egress.482069346.cidr_blocks.#": "1",
                            "egress.482069346.cidr_blocks.0": "0.0.0.0/0",
                            "egress.482069346.description": "",
                            "egress.482069346.from_port": "0",
                            "egress.482069346.ipv6_cidr_blocks.#": "0",
                            "egress.482069346.prefix_list_ids.#": "0",
                            "egress.482069346.protocol": "-1",
                            "egress.482069346.security_groups.#": "0",
                            "egress.482069346.self": "false",
                            "egress.482069346.to_port": "0",
                            "id": "sg-af492dd5",
                            "ingress.#": "0",
                            "name": "db-dragos-tier",
                            "owner_id": "135928476890",
                            "revoke_rules_on_delete": "false",
                            "tags.%": "1",
                            "tags.Name": "db-dragos-tier",
                            "vpc_id": "vpc-28ff544e"
                        },
                        "meta": {
                            "schema_version": "1"
                        },
                        "tainted": false
                    },
                    "deposed": [],
                    "provider": "provider.aws"
                },
                "aws_security_group_rule.app_sg_rule": {
                    "type": "aws_security_group_rule",
                    "depends_on": [
                        "aws_security_group.app_sg"
                    ],
                    "primary": {
                        "id": "sgrule-1254976106",
                        "attributes": {
                            "cidr_blocks.#": "1",
                            "cidr_blocks.0": "10.22.1.0/24",
                            "from_port": "27017",
                            "id": "sgrule-1254976106",
                            "protocol": "tcp",
                            "security_group_id": "sg-af492dd5",
                            "self": "false",
                            "to_port": "27017",
                            "type": "ingress"
                        },
                        "meta": {
                            "schema_version": "2"
                        },
                        "tainted": false
                    },
                    "deposed": [],
                    "provider": "provider.aws"
                },
                "aws_subnet.app_subnet": {
                    "type": "aws_subnet",
                    "depends_on": [],
                    "primary": {
                        "id": "subnet-505c9b36",
                        "attributes": {
                            "assign_ipv6_address_on_creation": "false",
                            "availability_zone": "eu-west-1b",
                            "cidr_block": "10.22.2.0/24",
                            "id": "subnet-505c9b36",
                            "map_public_ip_on_launch": "false",
                            "tags.%": "1",
                            "tags.Name": "db-dragos-tier",
                            "vpc_id": "vpc-28ff544e"
                        },
                        "meta": {
                            "schema_version": "1"
                        },
                        "tainted": false
                    },
                    "deposed": [],
                    "provider": "provider.aws"
                }
            },
            "depends_on": []
        }
    ]
}
